
Microsoft Visual Studio Solution File, Format Version 12.00
# Visual Studio Version 17
VisualStudioVersion = 17.3.32929.385
MinimumVisualStudioVersion = 10.0.40219.1
Project("{FAE04EC0-301F-11D3-BF4B-00C04F79EFBC}") = "Breakout Game", "Breakout Game\Breakout Game.csproj", "{7FF0AC2B-2440-4076-BC57-44DD0BD5F9B0}"
EndProject
Global
	GlobalSection(SolutionConfigurationPlatforms) = preSolution
		Debug|Any CPU = Debug|Any CPU
		Release|Any CPU = Release|Any CPU
	EndGlobalSection
	GlobalSection(ProjectConfigurationPlatforms) = postSolution
		{7FF0AC2B-2440-4076-BC57-44DD0BD5F9B0}.Debug|Any CPU.ActiveCfg = Debug|Any CPU
		{7FF0AC2B-2440-4076-BC57-44DD0BD5F9B0}.Debug|Any CPU.Build.0 = Debug|Any CPU
		{7FF0AC2B-2440-4076-BC57-44DD0BD5F9B0}.Release|Any CPU.ActiveCfg = Release|Any CPU
		{7FF0AC2B-2440-4076-BC57-44DD0BD5F9B0}.Release|Any CPU.Build.0 = Release|Any CPU
	EndGlobalSection
	GlobalSection(SolutionProperties) = preSolution
		HideSolutionNode = FALSE
	EndGlobalSection
	GlobalSection(ExtensibilityGlobals) = postSolution
		SolutionGuid = {D1359B98-03B6-4956-9022-0543BBE147D6}
	EndGlobalSection
EndGlobal
